
Microsoft Visual Studio Solution File, Format Version 12.00
# Visual Studio 14
VisualStudioVersion = 14.0.23107.0
MinimumVisualStudioVersion = 10.0.40219.1
Project("{FAE04EC0-301F-11D3-BF4B-00C04F79EFBC}") = "Application.Shell", "Application.Shell\Application.Shell.csproj", "{DEE65DE6-8C5F-4EE7-9B02-886B7BCDF80D}"
EndProject
Project("{FAE04EC0-301F-11D3-BF4B-00C04F79EFBC}") = "Application.Common", "Appliaction.Common\Application.Common.csproj", "{DEC0C1AF-B48D-48A9-895A-1AE6DF6B7299}"
EndProject
Project("{FAE04EC0-301F-11D3-BF4B-00C04F79EFBC}") = "Application.Module", "Application.Module\Application.Module.csproj", "{8EB5BF6D-A095-44FD-AF76-E990C2B617EA}"
EndProject
Global
	GlobalSection(SolutionConfigurationPlatforms) = preSolution
		Debug|Any CPU = Debug|Any CPU
		Release|Any CPU = Release|Any CPU
	EndGlobalSection
	GlobalSection(ProjectConfigurationPlatforms) = postSolution
		{DEE65DE6-8C5F-4EE7-9B02-886B7BCDF80D}.Debug|Any CPU.ActiveCfg = Debug|Any CPU
		{DEE65DE6-8C5F-4EE7-9B02-886B7BCDF80D}.Debug|Any CPU.Build.0 = Debug|Any CPU
		{DEE65DE6-8C5F-4EE7-9B02-886B7BCDF80D}.Release|Any CPU.ActiveCfg = Release|Any CPU
		{DEE65DE6-8C5F-4EE7-9B02-886B7BCDF80D}.Release|Any CPU.Build.0 = Release|Any CPU
		{DEC0C1AF-B48D-48A9-895A-1AE6DF6B7299}.Debug|Any CPU.ActiveCfg = Debug|Any CPU
		{DEC0C1AF-B48D-48A9-895A-1AE6DF6B7299}.Debug|Any CPU.Build.0 = Debug|Any CPU
		{DEC0C1AF-B48D-48A9-895A-1AE6DF6B7299}.Release|Any CPU.ActiveCfg = Release|Any CPU
		{DEC0C1AF-B48D-48A9-895A-1AE6DF6B7299}.Release|Any CPU.Build.0 = Release|Any CPU
		{8EB5BF6D-A095-44FD-AF76-E990C2B617EA}.Debug|Any CPU.ActiveCfg = Debug|Any CPU
		{8EB5BF6D-A095-44FD-AF76-E990C2B617EA}.Debug|Any CPU.Build.0 = Debug|Any CPU
		{8EB5BF6D-A095-44FD-AF76-E990C2B617EA}.Release|Any CPU.ActiveCfg = Release|Any CPU
		{8EB5BF6D-A095-44FD-AF76-E990C2B617EA}.Release|Any CPU.Build.0 = Release|Any CPU
	EndGlobalSection
	GlobalSection(SolutionProperties) = preSolution
		HideSolutionNode = FALSE
	EndGlobalSection
EndGlobal
